
Microsoft Visual Studio Solution File, Format Version 12.00
# Visual Studio Version 17
VisualStudioVersion = 17.7.34009.444
MinimumVisualStudioVersion = 10.0.40219.1
Project("{FAE04EC0-301F-11D3-BF4B-00C04F79EFBC}") = "Birthday_paradox", "Birthday_paradox\Birthday_paradox.csproj", "{55BBBD36-9F0B-4799-A15D-E535D11018B7}"
EndProject
Global
	GlobalSection(SolutionConfigurationPlatforms) = preSolution
		Debug|Any CPU = Debug|Any CPU
		Release|Any CPU = Release|Any CPU
	EndGlobalSection
	GlobalSection(ProjectConfigurationPlatforms) = postSolution
		{55BBBD36-9F0B-4799-A15D-E535D11018B7}.Debug|Any CPU.ActiveCfg = Debug|Any CPU
		{55BBBD36-9F0B-4799-A15D-E535D11018B7}.Debug|Any CPU.Build.0 = Debug|Any CPU
		{55BBBD36-9F0B-4799-A15D-E535D11018B7}.Release|Any CPU.ActiveCfg = Release|Any CPU
		{55BBBD36-9F0B-4799-A15D-E535D11018B7}.Release|Any CPU.Build.0 = Release|Any CPU
	EndGlobalSection
	GlobalSection(SolutionProperties) = preSolution
		HideSolutionNode = FALSE
	EndGlobalSection
	GlobalSection(ExtensibilityGlobals) = postSolution
		SolutionGuid = {08148135-DFAF-41E4-81FE-9B4576329B17}
	EndGlobalSection
EndGlobal
