
Microsoft Visual Studio Solution File, Format Version 12.00
# Visual Studio Version 17
VisualStudioVersion = 17.7.34009.444
MinimumVisualStudioVersion = 10.0.40219.1
Project("{FAE04EC0-301F-11D3-BF4B-00C04F79EFBC}") = "Forest", "Forest\Forest.csproj", "{EE474B19-4650-461A-A306-741A7BBDB59A}"
EndProject
Global
	GlobalSection(SolutionConfigurationPlatforms) = preSolution
		Debug|Any CPU = Debug|Any CPU
		Release|Any CPU = Release|Any CPU
	EndGlobalSection
	GlobalSection(ProjectConfigurationPlatforms) = postSolution
		{EE474B19-4650-461A-A306-741A7BBDB59A}.Debug|Any CPU.ActiveCfg = Debug|Any CPU
		{EE474B19-4650-461A-A306-741A7BBDB59A}.Debug|Any CPU.Build.0 = Debug|Any CPU
		{EE474B19-4650-461A-A306-741A7BBDB59A}.Release|Any CPU.ActiveCfg = Release|Any CPU
		{EE474B19-4650-461A-A306-741A7BBDB59A}.Release|Any CPU.Build.0 = Release|Any CPU
	EndGlobalSection
	GlobalSection(SolutionProperties) = preSolution
		HideSolutionNode = FALSE
	EndGlobalSection
	GlobalSection(ExtensibilityGlobals) = postSolution
		SolutionGuid = {4697ADFB-2BB9-4EC0-BF60-801E26378A6A}
	EndGlobalSection
EndGlobal
